
Microsoft Visual Studio Solution File, Format Version 12.00
# Visual Studio Version 16
VisualStudioVersion = 16.0.31729.503
MinimumVisualStudioVersion = 10.0.40219.1
Project("{9A19103F-16F7-4668-BE54-9A1E7A4F7556}") = "AxiomaWeatherApp", "AxiomaWeatherApp.csproj", "{5D515088-F634-400A-9882-693F6DFF06E3}"
EndProject
Project("{FAE04EC0-301F-11D3-BF4B-00C04F79EFBC}") = "Tests", "..\Tests\Tests.csproj", "{3D2D5FC8-275C-4554-A6EF-97EF940396BC}"
EndProject
Global
	GlobalSection(SolutionConfigurationPlatforms) = preSolution
		Debug|Any CPU = Debug|Any CPU
		Release|Any CPU = Release|Any CPU
	EndGlobalSection
	GlobalSection(ProjectConfigurationPlatforms) = postSolution
		{5D515088-F634-400A-9882-693F6DFF06E3}.Debug|Any CPU.ActiveCfg = Debug|Any CPU
		{5D515088-F634-400A-9882-693F6DFF06E3}.Debug|Any CPU.Build.0 = Debug|Any CPU
		{5D515088-F634-400A-9882-693F6DFF06E3}.Release|Any CPU.ActiveCfg = Release|Any CPU
		{5D515088-F634-400A-9882-693F6DFF06E3}.Release|Any CPU.Build.0 = Release|Any CPU
		{3D2D5FC8-275C-4554-A6EF-97EF940396BC}.Debug|Any CPU.ActiveCfg = Debug|Any CPU
		{3D2D5FC8-275C-4554-A6EF-97EF940396BC}.Debug|Any CPU.Build.0 = Debug|Any CPU
		{3D2D5FC8-275C-4554-A6EF-97EF940396BC}.Release|Any CPU.ActiveCfg = Release|Any CPU
		{3D2D5FC8-275C-4554-A6EF-97EF940396BC}.Release|Any CPU.Build.0 = Release|Any CPU
	EndGlobalSection
	GlobalSection(SolutionProperties) = preSolution
		HideSolutionNode = FALSE
	EndGlobalSection
	GlobalSection(ExtensibilityGlobals) = postSolution
		SolutionGuid = {034A0654-30B4-4263-897C-6FDA3EB7978B}
	EndGlobalSection
EndGlobal
